
Microsoft Visual Studio Solution File, Format Version 12.00
# Visual Studio 15
VisualStudioVersion = 15.0.28307.902
MinimumVisualStudioVersion = 10.0.40219.1
Project("{FAE04EC0-301F-11D3-BF4B-00C04F79EFBC}") = "SoundBars", "SoundBars\SoundBars.csproj", "{2EFC7FA2-2A8A-4EE5-AD1B-E8AA5A2CA306}"
EndProject
Global
	GlobalSection(SolutionConfigurationPlatforms) = preSolution
		Debug|Any CPU = Debug|Any CPU
		Debug|x64 = Debug|x64
		Debug|x86 = Debug|x86
		Release|Any CPU = Release|Any CPU
		Release|x64 = Release|x64
		Release|x86 = Release|x86
	EndGlobalSection
	GlobalSection(ProjectConfigurationPlatforms) = postSolution
		{2EFC7FA2-2A8A-4EE5-AD1B-E8AA5A2CA306}.Debug|Any CPU.ActiveCfg = Debug|Any CPU
		{2EFC7FA2-2A8A-4EE5-AD1B-E8AA5A2CA306}.Debug|Any CPU.Build.0 = Debug|Any CPU
		{2EFC7FA2-2A8A-4EE5-AD1B-E8AA5A2CA306}.Debug|x64.ActiveCfg = Debug|x64
		{2EFC7FA2-2A8A-4EE5-AD1B-E8AA5A2CA306}.Debug|x64.Build.0 = Debug|x64
		{2EFC7FA2-2A8A-4EE5-AD1B-E8AA5A2CA306}.Debug|x86.ActiveCfg = Debug|x86
		{2EFC7FA2-2A8A-4EE5-AD1B-E8AA5A2CA306}.Debug|x86.Build.0 = Debug|x86
		{2EFC7FA2-2A8A-4EE5-AD1B-E8AA5A2CA306}.Release|Any CPU.ActiveCfg = Release|Any CPU
		{2EFC7FA2-2A8A-4EE5-AD1B-E8AA5A2CA306}.Release|Any CPU.Build.0 = Release|Any CPU
		{2EFC7FA2-2A8A-4EE5-AD1B-E8AA5A2CA306}.Release|x64.ActiveCfg = Release|x64
		{2EFC7FA2-2A8A-4EE5-AD1B-E8AA5A2CA306}.Release|x64.Build.0 = Release|x64
		{2EFC7FA2-2A8A-4EE5-AD1B-E8AA5A2CA306}.Release|x86.ActiveCfg = Release|x86
		{2EFC7FA2-2A8A-4EE5-AD1B-E8AA5A2CA306}.Release|x86.Build.0 = Release|x86
	EndGlobalSection
	GlobalSection(SolutionProperties) = preSolution
		HideSolutionNode = FALSE
	EndGlobalSection
	GlobalSection(ExtensibilityGlobals) = postSolution
		SolutionGuid = {70AED97F-0370-49FD-B007-726BE3670652}
	EndGlobalSection
EndGlobal
